<?xml version="1.0" encoding="utf-8"?>
<Project ToolsVersion="4.0" xmlns="http://schemas.microsoft.com/developer/msbuild/2003">
  <ItemGroup>
    <Filter Include="Source Files">
      <UniqueIdentifier>{4FC737F1-C7A5-4376-A066-2A32D752A2FF}</UniqueIdentifier>
      <Extensions>cpp;c;cc;cxx;def;odl;idl;hpj;bat;asm;asmx</Extensions>
    </Filter>
    <Filter Include="Header Files">
      <UniqueIdentifier>{93995380-89BD-4b04-88EB-625FBE52EBFB}</UniqueIdentifier>
      <Extensions>h;hpp;hxx;hm;inl;inc;xsd</Extensions>
    </Filter>
  </ItemGroup>
  <ItemGroup>
    <ClCompile Include="..\lpc10\analys.c">
      <Filter>Source Files</Filter>
    </ClCompile>
    <ClCompile Include="..\lpc10\bsynz.c">
      <Filter>Source Files</Filter>
    </ClCompile>
    <ClCompile Include="..\lpc10\chanwr.c">
      <Filter>Source Files</Filter>
    </ClCompile>
    <ClCompile Include="..\lpc10\dcbias.c">
      <Filter>Source Files</Filter>
    </ClCompile>
    <ClCompile Include="..\lpc10\decode.c">
      <Filter>Source Files</Filter>
    </ClCompile>
    <ClCompile Include="..\lpc10\deemp.c">
      <Filter>Source Files</Filter>
    </ClCompile>
    <ClCompile Include="..\lpc10\difmag.c">
      <Filter>Source Files</Filter>
    </ClCompile>
    <ClCompile Include="..\lpc10\dyptrk.c">
      <Filter>Source Files</Filter>
    </ClCompile>
    <ClCompile Include="..\lpc10\encode.c">
      <Filter>Source Files</Filter>
    </ClCompile>
    <ClCompile Include="..\lpc10\energy.c">
      <Filter>Source Files</Filter>
    </ClCompile>
    <ClCompile Include="..\lpc10\f2clib.c">
      <Filter>Source Files</Filter>
    </ClCompile>
    <ClCompile Include="..\lpc10\ham84.c">
      <Filter>Source Files</Filter>
    </ClCompile>
    <ClCompile Include="..\lpc10\hp100.c">
      <Filter>Source Files</Filter>
    </ClCompile>
    <ClCompile Include="..\lpc10\invert.c">
      <Filter>Source Files</Filter>
    </ClCompile>
    <ClCompile Include="..\lpc10\irc2pc.c">
      <Filter>Source Files</Filter>
    </ClCompile>
    <ClCompile Include="..\lpc10\ivfilt.c">
      <Filter>Source Files</Filter>
    </ClCompile>
    <ClCompile Include="..\lpc10\lpcdec.c">
      <Filter>Source Files</Filter>
    </ClCompile>
    <ClCompile Include="..\lpc10\lpcenc.c">
      <Filter>Source Files</Filter>
    </ClCompile>
    <ClCompile Include="..\lpc10\lpcini.c">
      <Filter>Source Files</Filter>
    </ClCompile>
    <ClCompile Include="..\lpc10\lpfilt.c">
      <Filter>Source Files</Filter>
    </ClCompile>
    <ClCompile Include="..\lpc10\median.c">
      <Filter>Source Files</Filter>
    </ClCompile>
    <ClCompile Include="..\lpc10\mload.c">
      <Filter>Source Files</Filter>
    </ClCompile>
    <ClCompile Include="..\lpc10\onset.c">
      <Filter>Source Files</Filter>
    </ClCompile>
    <ClCompile Include="..\lpc10\pitsyn.c">
      <Filter>Source Files</Filter>
    </ClCompile>
    <ClCompile Include="..\lpc10\placea.c">
      <Filter>Source Files</Filter>
    </ClCompile>
    <ClCompile Include="..\lpc10\placev.c">
      <Filter>Source Files</Filter>
    </ClCompile>
    <ClCompile Include="..\lpc10\preemp.c">
      <Filter>Source Files</Filter>
    </ClCompile>
    <ClCompile Include="..\lpc10\prepro.c">
      <Filter>Source Files</Filter>
    </ClCompile>
    <ClCompile Include="..\lpc10\random.c">
      <Filter>Source Files</Filter>
    </ClCompile>
    <ClCompile Include="..\lpc10\rcchk.c">
      <Filter>Source Files</Filter>
    </ClCompile>
    <ClCompile Include="..\lpc10\synths.c">
      <Filter>Source Files</Filter>
    </ClCompile>
    <ClCompile Include="..\lpc10\tbdm.c">
      <Filter>Source Files</Filter>
    </ClCompile>
    <ClCompile Include="..\lpc10\voicin.c">
      <Filter>Source Files</Filter>
    </ClCompile>
    <ClCompile Include="..\lpc10\vparms.c">
      <Filter>Source Files</Filter>
    </ClCompile>
  </ItemGroup>
  <ItemGroup>
    <ClInclude Include="..\lpc10\f2c.h">
      <Filter>Header Files</Filter>
    </ClInclude>
    <ClInclude Include="..\lpc10\lpc10.h">
      <Filter>Header Files</Filter>
    </ClInclude>
  </ItemGroup>
</Project>
