<?xml version="1.0" encoding="utf-8"?>
<Project ToolsVersion="4.0" xmlns="http://schemas.microsoft.com/developer/msbuild/2003">
  <ItemGroup>
    <Filter Include="Source Files">
      <UniqueIdentifier>{4FC737F1-C7A5-4376-A066-2A32D752A2FF}</UniqueIdentifier>
      <Extensions>cpp;c;cc;cxx;def;odl;idl;hpj;bat;asm;asmx</Extensions>
    </Filter>
    <Filter Include="Header Files">
      <UniqueIdentifier>{93995380-89BD-4b04-88EB-625FBE52EBFB}</UniqueIdentifier>
      <Extensions>h;hpp;hxx;hm;inl;inc;xsd</Extensions>
    </Filter>
    <Filter Include="Config Files">
      <UniqueIdentifier>{5756895d-cd97-4264-b645-fd4cc8afa821}</UniqueIdentifier>
    </Filter>
  </ItemGroup>
  <ItemGroup>
    <ClCompile Include="..\..\lame\libmp3lame\bitstream.c">
      <Filter>Source Files</Filter>
    </ClCompile>
    <ClCompile Include="..\..\lame\mpglib\common.c">
      <Filter>Source Files</Filter>
    </ClCompile>
    <ClCompile Include="..\..\lame\mpglib\dct64_i386.c">
      <Filter>Source Files</Filter>
    </ClCompile>
    <ClCompile Include="..\..\lame\mpglib\decode_i386.c">
      <Filter>Source Files</Filter>
    </ClCompile>
    <ClCompile Include="..\..\lame\libmp3lame\encoder.c">
      <Filter>Source Files</Filter>
    </ClCompile>
    <ClCompile Include="..\..\lame\libmp3lame\fft.c">
      <Filter>Source Files</Filter>
    </ClCompile>
    <ClCompile Include="..\..\lame\libmp3lame\gain_analysis.c">
      <Filter>Source Files</Filter>
    </ClCompile>
    <ClCompile Include="..\..\lame\libmp3lame\id3tag.c">
      <Filter>Source Files</Filter>
    </ClCompile>
    <ClCompile Include="..\..\lame\mpglib\interface.c">
      <Filter>Source Files</Filter>
    </ClCompile>
    <ClCompile Include="..\..\lame\libmp3lame\lame.c">
      <Filter>Source Files</Filter>
    </ClCompile>
    <ClCompile Include="..\..\lame\mpglib\layer1.c">
      <Filter>Source Files</Filter>
    </ClCompile>
    <ClCompile Include="..\..\lame\mpglib\layer2.c">
      <Filter>Source Files</Filter>
    </ClCompile>
    <ClCompile Include="..\..\lame\mpglib\layer3.c">
      <Filter>Source Files</Filter>
    </ClCompile>
    <ClCompile Include="..\..\lame\libmp3lame\mpglib_interface.c">
      <Filter>Source Files</Filter>
    </ClCompile>
    <ClCompile Include="..\..\lame\libmp3lame\newmdct.c">
      <Filter>Source Files</Filter>
    </ClCompile>
    <ClCompile Include="..\..\lame\libmp3lame\presets.c">
      <Filter>Source Files</Filter>
    </ClCompile>
    <ClCompile Include="..\..\lame\libmp3lame\psymodel.c">
      <Filter>Source Files</Filter>
    </ClCompile>
    <ClCompile Include="..\..\lame\libmp3lame\quantize.c">
      <Filter>Source Files</Filter>
    </ClCompile>
    <ClCompile Include="..\..\lame\libmp3lame\quantize_pvt.c">
      <Filter>Source Files</Filter>
    </ClCompile>
    <ClCompile Include="..\..\lame\libmp3lame\reservoir.c">
      <Filter>Source Files</Filter>
    </ClCompile>
    <ClCompile Include="..\..\lame\libmp3lame\set_get.c">
      <Filter>Source Files</Filter>
    </ClCompile>
    <ClCompile Include="..\..\lame\mpglib\tabinit.c">
      <Filter>Source Files</Filter>
    </ClCompile>
    <ClCompile Include="..\..\lame\libmp3lame\tables.c">
      <Filter>Source Files</Filter>
    </ClCompile>
    <ClCompile Include="..\..\lame\libmp3lame\takehiro.c">
      <Filter>Source Files</Filter>
    </ClCompile>
    <ClCompile Include="..\..\lame\libmp3lame\util.c">
      <Filter>Source Files</Filter>
    </ClCompile>
    <ClCompile Include="..\..\lame\libmp3lame\vbrquantize.c">
      <Filter>Source Files</Filter>
    </ClCompile>
    <ClCompile Include="..\..\lame\libmp3lame\VbrTag.c">
      <Filter>Source Files</Filter>
    </ClCompile>
    <ClCompile Include="..\..\lame\libmp3lame\version.c">
      <Filter>Source Files</Filter>
    </ClCompile>
  </ItemGroup>
  <ItemGroup>
    <None Include="..\..\lame\include\lame.def">
      <Filter>Source Files</Filter>
    </None>
  </ItemGroup>
  <ItemGroup>
    <ClInclude Include="..\..\lame\libmp3lame\bitstream.h">
      <Filter>Header Files</Filter>
    </ClInclude>
    <ClInclude Include="..\..\lame\mpglib\common.h">
      <Filter>Header Files</Filter>
    </ClInclude>
    <ClInclude Include="..\..\lame\configMS.h">
      <Filter>Header Files</Filter>
    </ClInclude>
    <ClInclude Include="..\..\lame\mpglib\dct64_i386.h">
      <Filter>Header Files</Filter>
    </ClInclude>
    <ClInclude Include="..\..\lame\mpglib\decode_i386.h">
      <Filter>Header Files</Filter>
    </ClInclude>
    <ClInclude Include="..\..\lame\libmp3lame\encoder.h">
      <Filter>Header Files</Filter>
    </ClInclude>
    <ClInclude Include="..\..\lame\libmp3lame\fft.h">
      <Filter>Header Files</Filter>
    </ClInclude>
    <ClInclude Include="..\..\lame\libmp3lame\gain_analysis.h">
      <Filter>Header Files</Filter>
    </ClInclude>
    <ClInclude Include="..\..\lame\mpglib\huffman.h">
      <Filter>Header Files</Filter>
    </ClInclude>
    <ClInclude Include="..\..\lame\libmp3lame\id3tag.h">
      <Filter>Header Files</Filter>
    </ClInclude>
    <ClInclude Include="..\..\lame\mpglib\interface.h">
      <Filter>Header Files</Filter>
    </ClInclude>
    <ClInclude Include="..\..\lame\mpglib\l2tables.h">
      <Filter>Header Files</Filter>
    </ClInclude>
    <ClInclude Include="..\..\lame\libmp3lame\l3side.h">
      <Filter>Header Files</Filter>
    </ClInclude>
    <ClInclude Include="..\..\lame\libmp3lame\lame-analysis.h">
      <Filter>Header Files</Filter>
    </ClInclude>
    <ClInclude Include="..\..\lame\include\lame.h">
      <Filter>Header Files</Filter>
    </ClInclude>
    <ClInclude Include="..\..\lame\libmp3lame\lame_global_flags.h">
      <Filter>Header Files</Filter>
    </ClInclude>
    <ClInclude Include="..\..\lame\libmp3lame\lameerror.h">
      <Filter>Header Files</Filter>
    </ClInclude>
    <ClInclude Include="..\..\lame\mpglib\layer1.h">
      <Filter>Header Files</Filter>
    </ClInclude>
    <ClInclude Include="..\..\lame\mpglib\layer2.h">
      <Filter>Header Files</Filter>
    </ClInclude>
    <ClInclude Include="..\..\lame\mpglib\layer3.h">
      <Filter>Header Files</Filter>
    </ClInclude>
    <ClInclude Include="..\..\lame\libmp3lame\machine.h">
      <Filter>Header Files</Filter>
    </ClInclude>
    <ClInclude Include="..\..\lame\mpglib\mpg123.h">
      <Filter>Header Files</Filter>
    </ClInclude>
    <ClInclude Include="..\..\lame\mpglib\mpglib.h">
      <Filter>Header Files</Filter>
    </ClInclude>
    <ClInclude Include="..\..\lame\libmp3lame\newmdct.h">
      <Filter>Header Files</Filter>
    </ClInclude>
    <ClInclude Include="..\..\lame\libmp3lame\psymodel.h">
      <Filter>Header Files</Filter>
    </ClInclude>
    <ClInclude Include="..\..\lame\libmp3lame\quantize.h">
      <Filter>Header Files</Filter>
    </ClInclude>
    <ClInclude Include="..\..\lame\libmp3lame\quantize_pvt.h">
      <Filter>Header Files</Filter>
    </ClInclude>
    <ClInclude Include="..\..\lame\libmp3lame\reservoir.h">
      <Filter>Header Files</Filter>
    </ClInclude>
    <ClInclude Include="..\..\lame\libmp3lame\set_get.h">
      <Filter>Header Files</Filter>
    </ClInclude>
    <ClInclude Include="..\..\lame\mpglib\tabinit.h">
      <Filter>Header Files</Filter>
    </ClInclude>
    <ClInclude Include="..\..\lame\libmp3lame\tables.h">
      <Filter>Header Files</Filter>
    </ClInclude>
    <ClInclude Include="..\..\lame\libmp3lame\util.h">
      <Filter>Header Files</Filter>
    </ClInclude>
    <ClInclude Include="..\..\lame\libmp3lame\vbrquantize.h">
      <Filter>Header Files</Filter>
    </ClInclude>
    <ClInclude Include="..\..\lame\libmp3lame\VbrTag.h">
      <Filter>Header Files</Filter>
    </ClInclude>
    <ClInclude Include="..\..\lame\libmp3lame\version.h">
      <Filter>Header Files</Filter>
    </ClInclude>
    <ClInclude Include="Mp3Lame\config.h">
      <Filter>Config Files</Filter>
    </ClInclude>
  </ItemGroup>
</Project>