<?xml version="1.0" encoding="utf-8"?>
<Project ToolsVersion="4.0" xmlns="http://schemas.microsoft.com/developer/msbuild/2003">
  <ItemGroup>
    <Filter Include="Headers">
      <UniqueIdentifier>{93995380-89BD-4b04-88EB-625FBE52EBFB}</UniqueIdentifier>
      <Extensions>h;hpp;hxx;hm;inl;inc;xsd</Extensions>
    </Filter>
    <Filter Include="Config Headers">
      <UniqueIdentifier>{28638e5e-b540-47d4-bee5-296f96ea65d7}</UniqueIdentifier>
    </Filter>
    <Filter Include="Excluded Sources">
      <UniqueIdentifier>{88d3ba5f-c07b-47a6-8d31-2ca7a9890e6d}</UniqueIdentifier>
    </Filter>
    <Filter Include="Effect Sources">
      <UniqueIdentifier>{2fe3c03a-d755-4882-afbf-c1eb806117c0}</UniqueIdentifier>
    </Filter>
    <Filter Include="Format Sources">
      <UniqueIdentifier>{6ad57da4-219f-4dd0-8c47-883521cd0af6}</UniqueIdentifier>
    </Filter>
    <Filter Include="Shared Sources">
      <UniqueIdentifier>{027d9299-ae71-4cad-8b6c-01d28b65d3d3}</UniqueIdentifier>
    </Filter>
  </ItemGroup>
  <ItemGroup>
    <ClInclude Include="..\src\adpcm.h">
      <Filter>Headers</Filter>
    </ClInclude>
    <ClInclude Include="..\src\adpcms.h">
      <Filter>Headers</Filter>
    </ClInclude>
    <ClInclude Include="..\src\aiff.h">
      <Filter>Headers</Filter>
    </ClInclude>
    <ClInclude Include="..\src\amr.h">
      <Filter>Headers</Filter>
    </ClInclude>
    <ClInclude Include="..\src\band.h">
      <Filter>Headers</Filter>
    </ClInclude>
    <ClInclude Include="..\src\biquad.h">
      <Filter>Headers</Filter>
    </ClInclude>
    <ClInclude Include="..\src\compandt.h">
      <Filter>Headers</Filter>
    </ClInclude>
    <ClInclude Include="..\src\cvsd.h">
      <Filter>Headers</Filter>
    </ClInclude>
    <ClInclude Include="..\src\cvsdfilt.h">
      <Filter>Headers</Filter>
    </ClInclude>
    <ClInclude Include="..\src\dft_filter.h">
      <Filter>Headers</Filter>
    </ClInclude>
    <ClInclude Include="..\src\dither.h">
      <Filter>Headers</Filter>
    </ClInclude>
    <ClInclude Include="..\src\effects.h">
      <Filter>Headers</Filter>
    </ClInclude>
    <ClInclude Include="..\src\ffmpeg.h">
      <Filter>Headers</Filter>
    </ClInclude>
    <ClInclude Include="..\src\fft4g.h">
      <Filter>Headers</Filter>
    </ClInclude>
    <ClInclude Include="..\src\fifo.h">
      <Filter>Headers</Filter>
    </ClInclude>
    <ClInclude Include="..\src\formats.h">
      <Filter>Headers</Filter>
    </ClInclude>
    <ClInclude Include="..\src\g711.h">
      <Filter>Headers</Filter>
    </ClInclude>
    <ClInclude Include="..\src\g72x.h">
      <Filter>Headers</Filter>
    </ClInclude>
    <ClInclude Include="..\src\ignore-warning.h">
      <Filter>Headers</Filter>
    </ClInclude>
    <ClInclude Include="..\src\ima_rw.h">
      <Filter>Headers</Filter>
    </ClInclude>
    <ClInclude Include="..\src\mcompand_xover.h">
      <Filter>Headers</Filter>
    </ClInclude>
    <ClInclude Include="..\src\mp3-util.h">
      <Filter>Headers</Filter>
    </ClInclude>
    <ClInclude Include="..\src\noisered.h">
      <Filter>Headers</Filter>
    </ClInclude>
    <ClInclude Include="..\src\rate_filters.h">
      <Filter>Headers</Filter>
    </ClInclude>
    <ClInclude Include="..\src\rate_half_fir.h">
      <Filter>Headers</Filter>
    </ClInclude>
    <ClInclude Include="..\src\rate_poly_fir.h">
      <Filter>Headers</Filter>
    </ClInclude>
    <ClInclude Include="..\src\rate_poly_fir0.h">
      <Filter>Headers</Filter>
    </ClInclude>
    <ClInclude Include="..\src\raw.h">
      <Filter>Headers</Filter>
    </ClInclude>
    <ClInclude Include="..\src\sox.h">
      <Filter>Headers</Filter>
    </ClInclude>
    <ClInclude Include="..\src\sox_i.h">
      <Filter>Headers</Filter>
    </ClInclude>
    <ClInclude Include="..\src\sox_sample_test.h">
      <Filter>Headers</Filter>
    </ClInclude>
    <ClInclude Include="..\src\soxomp.h">
      <Filter>Headers</Filter>
    </ClInclude>
    <ClInclude Include="..\src\util.h">
      <Filter>Headers</Filter>
    </ClInclude>
    <ClInclude Include="..\src\vox.h">
      <Filter>Headers</Filter>
    </ClInclude>
    <ClInclude Include="..\src\win32-ltdl.h">
      <Filter>Headers</Filter>
    </ClInclude>
    <ClInclude Include="..\src\xmalloc.h">
      <Filter>Headers</Filter>
    </ClInclude>
    <ClInclude Include="SoX\soxconfig.h">
      <Filter>Config Headers</Filter>
    </ClInclude>
  </ItemGroup>
  <ItemGroup>
    <ClCompile Include="..\src\alsa.c">
      <Filter>Excluded Sources</Filter>
    </ClCompile>
    <ClCompile Include="..\src\ao.c">
      <Filter>Excluded Sources</Filter>
    </ClCompile>
    <ClCompile Include="..\src\coreaudio.c">
      <Filter>Excluded Sources</Filter>
    </ClCompile>
    <ClCompile Include="..\src\example0.c">
      <Filter>Excluded Sources</Filter>
    </ClCompile>
    <ClCompile Include="..\src\example1.c">
      <Filter>Excluded Sources</Filter>
    </ClCompile>
    <ClCompile Include="..\src\example2.c">
      <Filter>Excluded Sources</Filter>
    </ClCompile>
    <ClCompile Include="..\src\example3.c">
      <Filter>Excluded Sources</Filter>
    </ClCompile>
    <ClCompile Include="..\src\example4.c">
      <Filter>Excluded Sources</Filter>
    </ClCompile>
    <ClCompile Include="..\src\oss.c">
      <Filter>Excluded Sources</Filter>
    </ClCompile>
    <ClCompile Include="..\src\pulseaudio.c">
      <Filter>Excluded Sources</Filter>
    </ClCompile>
    <ClCompile Include="..\src\skeleff.c">
      <Filter>Excluded Sources</Filter>
    </ClCompile>
    <ClCompile Include="..\src\skelform.c">
      <Filter>Excluded Sources</Filter>
    </ClCompile>
    <ClCompile Include="..\src\sndio.c">
      <Filter>Excluded Sources</Filter>
    </ClCompile>
    <ClCompile Include="..\src\sox_sample_test.c">
      <Filter>Excluded Sources</Filter>
    </ClCompile>
    <ClCompile Include="..\src\sunaudio.c">
      <Filter>Excluded Sources</Filter>
    </ClCompile>
    <ClCompile Include="..\src\bend.c">
      <Filter>Effect Sources</Filter>
    </ClCompile>
    <ClCompile Include="..\src\biquad.c">
      <Filter>Effect Sources</Filter>
    </ClCompile>
    <ClCompile Include="..\src\biquads.c">
      <Filter>Effect Sources</Filter>
    </ClCompile>
    <ClCompile Include="..\src\chorus.c">
      <Filter>Effect Sources</Filter>
    </ClCompile>
    <ClCompile Include="..\src\compand.c">
      <Filter>Effect Sources</Filter>
    </ClCompile>
    <ClCompile Include="..\src\compandt.c">
      <Filter>Effect Sources</Filter>
    </ClCompile>
    <ClCompile Include="..\src\contrast.c">
      <Filter>Effect Sources</Filter>
    </ClCompile>
    <ClCompile Include="..\src\dcshift.c">
      <Filter>Effect Sources</Filter>
    </ClCompile>
    <ClCompile Include="..\src\delay.c">
      <Filter>Effect Sources</Filter>
    </ClCompile>
    <ClCompile Include="..\src\dft_filter.c">
      <Filter>Effect Sources</Filter>
    </ClCompile>
    <ClCompile Include="..\src\dither.c">
      <Filter>Effect Sources</Filter>
    </ClCompile>
    <ClCompile Include="..\src\divide.c">
      <Filter>Effect Sources</Filter>
    </ClCompile>
    <ClCompile Include="..\src\earwax.c">
      <Filter>Effect Sources</Filter>
    </ClCompile>
    <ClCompile Include="..\src\echo.c">
      <Filter>Effect Sources</Filter>
    </ClCompile>
    <ClCompile Include="..\src\echos.c">
      <Filter>Effect Sources</Filter>
    </ClCompile>
    <ClCompile Include="..\src\fade.c">
      <Filter>Effect Sources</Filter>
    </ClCompile>
    <ClCompile Include="..\src\fir.c">
      <Filter>Effect Sources</Filter>
    </ClCompile>
    <ClCompile Include="..\src\firfit.c">
      <Filter>Effect Sources</Filter>
    </ClCompile>
    <ClCompile Include="..\src\flanger.c">
      <Filter>Effect Sources</Filter>
    </ClCompile>
    <ClCompile Include="..\src\gain.c">
      <Filter>Effect Sources</Filter>
    </ClCompile>
    <ClCompile Include="..\src\input.c">
      <Filter>Effect Sources</Filter>
    </ClCompile>
    <ClCompile Include="..\src\ladspa.c">
      <Filter>Effect Sources</Filter>
    </ClCompile>
    <ClCompile Include="..\src\loudness.c">
      <Filter>Effect Sources</Filter>
    </ClCompile>
    <ClCompile Include="..\src\mcompand.c">
      <Filter>Effect Sources</Filter>
    </ClCompile>
    <ClCompile Include="..\src\mixer.c">
      <Filter>Effect Sources</Filter>
    </ClCompile>
    <ClCompile Include="..\src\noiseprof.c">
      <Filter>Effect Sources</Filter>
    </ClCompile>
    <ClCompile Include="..\src\noisered.c">
      <Filter>Effect Sources</Filter>
    </ClCompile>
    <ClCompile Include="..\src\output.c">
      <Filter>Effect Sources</Filter>
    </ClCompile>
    <ClCompile Include="..\src\overdrive.c">
      <Filter>Effect Sources</Filter>
    </ClCompile>
    <ClCompile Include="..\src\pad.c">
      <Filter>Effect Sources</Filter>
    </ClCompile>
    <ClCompile Include="..\src\phaser.c">
      <Filter>Effect Sources</Filter>
    </ClCompile>
    <ClCompile Include="..\src\rate.c">
      <Filter>Effect Sources</Filter>
    </ClCompile>
    <ClCompile Include="..\src\remix.c">
      <Filter>Effect Sources</Filter>
    </ClCompile>
    <ClCompile Include="..\src\repeat.c">
      <Filter>Effect Sources</Filter>
    </ClCompile>
    <ClCompile Include="..\src\reverb.c">
      <Filter>Effect Sources</Filter>
    </ClCompile>
    <ClCompile Include="..\src\reverse.c">
      <Filter>Effect Sources</Filter>
    </ClCompile>
    <ClCompile Include="..\src\silence.c">
      <Filter>Effect Sources</Filter>
    </ClCompile>
    <ClCompile Include="..\src\sinc.c">
      <Filter>Effect Sources</Filter>
    </ClCompile>
    <ClCompile Include="..\src\spectrogram.c">
      <Filter>Effect Sources</Filter>
    </ClCompile>
    <ClCompile Include="..\src\speed.c">
      <Filter>Effect Sources</Filter>
    </ClCompile>
    <ClCompile Include="..\src\speexdsp.c">
      <Filter>Effect Sources</Filter>
    </ClCompile>
    <ClCompile Include="..\src\splice.c">
      <Filter>Effect Sources</Filter>
    </ClCompile>
    <ClCompile Include="..\src\stat.c">
      <Filter>Effect Sources</Filter>
    </ClCompile>
    <ClCompile Include="..\src\stats.c">
      <Filter>Effect Sources</Filter>
    </ClCompile>
    <ClCompile Include="..\src\stretch.c">
      <Filter>Effect Sources</Filter>
    </ClCompile>
    <ClCompile Include="..\src\swap.c">
      <Filter>Effect Sources</Filter>
    </ClCompile>
    <ClCompile Include="..\src\synth.c">
      <Filter>Effect Sources</Filter>
    </ClCompile>
    <ClCompile Include="..\src\tempo.c">
      <Filter>Effect Sources</Filter>
    </ClCompile>
    <ClCompile Include="..\src\tremolo.c">
      <Filter>Effect Sources</Filter>
    </ClCompile>
    <ClCompile Include="..\src\trim.c">
      <Filter>Effect Sources</Filter>
    </ClCompile>
    <ClCompile Include="..\src\vad.c">
      <Filter>Effect Sources</Filter>
    </ClCompile>
    <ClCompile Include="..\src\vol.c">
      <Filter>Effect Sources</Filter>
    </ClCompile>
    <ClCompile Include="..\src\8svx.c">
      <Filter>Format Sources</Filter>
    </ClCompile>
    <ClCompile Include="..\src\aifc-fmt.c">
      <Filter>Format Sources</Filter>
    </ClCompile>
    <ClCompile Include="..\src\aiff-fmt.c">
      <Filter>Format Sources</Filter>
    </ClCompile>
    <ClCompile Include="..\src\al-fmt.c">
      <Filter>Format Sources</Filter>
    </ClCompile>
    <ClCompile Include="..\src\amr-nb.c">
      <Filter>Format Sources</Filter>
    </ClCompile>
    <ClCompile Include="..\src\amr-wb.c">
      <Filter>Format Sources</Filter>
    </ClCompile>
    <ClCompile Include="..\src\au.c">
      <Filter>Format Sources</Filter>
    </ClCompile>
    <ClCompile Include="..\src\avr.c">
      <Filter>Format Sources</Filter>
    </ClCompile>
    <ClCompile Include="..\src\caf.c">
      <Filter>Format Sources</Filter>
    </ClCompile>
    <ClCompile Include="..\src\cdr.c">
      <Filter>Format Sources</Filter>
    </ClCompile>
    <ClCompile Include="..\src\cvsd-fmt.c">
      <Filter>Format Sources</Filter>
    </ClCompile>
    <ClCompile Include="..\src\dat.c">
      <Filter>Format Sources</Filter>
    </ClCompile>
    <ClCompile Include="..\src\dvms-fmt.c">
      <Filter>Format Sources</Filter>
    </ClCompile>
    <ClCompile Include="..\src\f4-fmt.c">
      <Filter>Format Sources</Filter>
    </ClCompile>
    <ClCompile Include="..\src\f8-fmt.c">
      <Filter>Format Sources</Filter>
    </ClCompile>
    <ClCompile Include="..\src\fap.c">
      <Filter>Format Sources</Filter>
    </ClCompile>
    <ClCompile Include="..\src\ffmpeg.c">
      <Filter>Format Sources</Filter>
    </ClCompile>
    <ClCompile Include="..\src\flac.c">
      <Filter>Format Sources</Filter>
    </ClCompile>
    <ClCompile Include="..\src\gsm.c">
      <Filter>Format Sources</Filter>
    </ClCompile>
    <ClCompile Include="..\src\gsrt.c">
      <Filter>Format Sources</Filter>
    </ClCompile>
    <ClCompile Include="..\src\hcom.c">
      <Filter>Format Sources</Filter>
    </ClCompile>
    <ClCompile Include="..\src\htk.c">
      <Filter>Format Sources</Filter>
    </ClCompile>
    <ClCompile Include="..\src\ima-fmt.c">
      <Filter>Format Sources</Filter>
    </ClCompile>
    <ClCompile Include="..\src\ima_rw.c">
      <Filter>Format Sources</Filter>
    </ClCompile>
    <ClCompile Include="..\src\la-fmt.c">
      <Filter>Format Sources</Filter>
    </ClCompile>
    <ClCompile Include="..\src\lpc10.c">
      <Filter>Format Sources</Filter>
    </ClCompile>
    <ClCompile Include="..\src\lu-fmt.c">
      <Filter>Format Sources</Filter>
    </ClCompile>
    <ClCompile Include="..\src\mat4.c">
      <Filter>Format Sources</Filter>
    </ClCompile>
    <ClCompile Include="..\src\mat5.c">
      <Filter>Format Sources</Filter>
    </ClCompile>
    <ClCompile Include="..\src\maud.c">
      <Filter>Format Sources</Filter>
    </ClCompile>
    <ClCompile Include="..\src\mp3.c">
      <Filter>Format Sources</Filter>
    </ClCompile>
    <ClCompile Include="..\src\nulfile.c">
      <Filter>Format Sources</Filter>
    </ClCompile>
    <ClCompile Include="..\src\paf.c">
      <Filter>Format Sources</Filter>
    </ClCompile>
    <ClCompile Include="..\src\prc.c">
      <Filter>Format Sources</Filter>
    </ClCompile>
    <ClCompile Include="..\src\pvf.c">
      <Filter>Format Sources</Filter>
    </ClCompile>
    <ClCompile Include="..\src\raw-fmt.c">
      <Filter>Format Sources</Filter>
    </ClCompile>
    <ClCompile Include="..\src\s1-fmt.c">
      <Filter>Format Sources</Filter>
    </ClCompile>
    <ClCompile Include="..\src\s2-fmt.c">
      <Filter>Format Sources</Filter>
    </ClCompile>
    <ClCompile Include="..\src\s3-fmt.c">
      <Filter>Format Sources</Filter>
    </ClCompile>
    <ClCompile Include="..\src\s4-fmt.c">
      <Filter>Format Sources</Filter>
    </ClCompile>
    <ClCompile Include="..\src\sd2.c">
      <Filter>Format Sources</Filter>
    </ClCompile>
    <ClCompile Include="..\src\sf.c">
      <Filter>Format Sources</Filter>
    </ClCompile>
    <ClCompile Include="..\src\smp.c">
      <Filter>Format Sources</Filter>
    </ClCompile>
    <ClCompile Include="..\src\sndfile.c">
      <Filter>Format Sources</Filter>
    </ClCompile>
    <ClCompile Include="..\src\sounder.c">
      <Filter>Format Sources</Filter>
    </ClCompile>
    <ClCompile Include="..\src\soundtool.c">
      <Filter>Format Sources</Filter>
    </ClCompile>
    <ClCompile Include="..\src\sox-fmt.c">
      <Filter>Format Sources</Filter>
    </ClCompile>
    <ClCompile Include="..\src\sphere.c">
      <Filter>Format Sources</Filter>
    </ClCompile>
    <ClCompile Include="..\src\tx16w.c">
      <Filter>Format Sources</Filter>
    </ClCompile>
    <ClCompile Include="..\src\u1-fmt.c">
      <Filter>Format Sources</Filter>
    </ClCompile>
    <ClCompile Include="..\src\u2-fmt.c">
      <Filter>Format Sources</Filter>
    </ClCompile>
    <ClCompile Include="..\src\u3-fmt.c">
      <Filter>Format Sources</Filter>
    </ClCompile>
    <ClCompile Include="..\src\u4-fmt.c">
      <Filter>Format Sources</Filter>
    </ClCompile>
    <ClCompile Include="..\src\ul-fmt.c">
      <Filter>Format Sources</Filter>
    </ClCompile>
    <ClCompile Include="..\src\voc.c">
      <Filter>Format Sources</Filter>
    </ClCompile>
    <ClCompile Include="..\src\vorbis.c">
      <Filter>Format Sources</Filter>
    </ClCompile>
    <ClCompile Include="..\src\vox-fmt.c">
      <Filter>Format Sources</Filter>
    </ClCompile>
    <ClCompile Include="..\src\vox.c">
      <Filter>Format Sources</Filter>
    </ClCompile>
    <ClCompile Include="..\src\w64.c">
      <Filter>Format Sources</Filter>
    </ClCompile>
    <ClCompile Include="..\src\wav.c">
      <Filter>Format Sources</Filter>
    </ClCompile>
    <ClCompile Include="..\src\waveaudio.c">
      <Filter>Format Sources</Filter>
    </ClCompile>
    <ClCompile Include="..\src\wavpack.c">
      <Filter>Format Sources</Filter>
    </ClCompile>
    <ClCompile Include="..\src\wve.c">
      <Filter>Format Sources</Filter>
    </ClCompile>
    <ClCompile Include="..\src\xa.c">
      <Filter>Format Sources</Filter>
    </ClCompile>
    <ClCompile Include="..\src\xi.c">
      <Filter>Format Sources</Filter>
    </ClCompile>
    <ClCompile Include="..\src\adpcm.c">
      <Filter>Shared Sources</Filter>
    </ClCompile>
    <ClCompile Include="..\src\adpcms.c">
      <Filter>Shared Sources</Filter>
    </ClCompile>
    <ClCompile Include="..\src\aiff.c">
      <Filter>Shared Sources</Filter>
    </ClCompile>
    <ClCompile Include="..\src\cvsd.c">
      <Filter>Shared Sources</Filter>
    </ClCompile>
    <ClCompile Include="..\src\effects.c">
      <Filter>Shared Sources</Filter>
    </ClCompile>
    <ClCompile Include="..\src\effects_i.c">
      <Filter>Shared Sources</Filter>
    </ClCompile>
    <ClCompile Include="..\src\effects_i_dsp.c">
      <Filter>Shared Sources</Filter>
    </ClCompile>
    <ClCompile Include="..\src\fft4g.c">
      <Filter>Shared Sources</Filter>
    </ClCompile>
    <ClCompile Include="..\src\formats.c">
      <Filter>Shared Sources</Filter>
    </ClCompile>
    <ClCompile Include="..\src\formats_i.c">
      <Filter>Shared Sources</Filter>
    </ClCompile>
    <ClCompile Include="..\src\g711.c">
      <Filter>Shared Sources</Filter>
    </ClCompile>
    <ClCompile Include="..\src\g721.c">
      <Filter>Shared Sources</Filter>
    </ClCompile>
    <ClCompile Include="..\src\g723_24.c">
      <Filter>Shared Sources</Filter>
    </ClCompile>
    <ClCompile Include="..\src\g723_40.c">
      <Filter>Shared Sources</Filter>
    </ClCompile>
    <ClCompile Include="..\src\g72x.c">
      <Filter>Shared Sources</Filter>
    </ClCompile>
    <ClCompile Include="..\src\getopt.c">
      <Filter>Shared Sources</Filter>
    </ClCompile>
    <ClCompile Include="..\src\libsox.c">
      <Filter>Shared Sources</Filter>
    </ClCompile>
    <ClCompile Include="..\src\libsox_i.c">
      <Filter>Shared Sources</Filter>
    </ClCompile>
    <ClCompile Include="..\src\raw.c">
      <Filter>Shared Sources</Filter>
    </ClCompile>
    <ClCompile Include="..\src\util.c">
      <Filter>Shared Sources</Filter>
    </ClCompile>
    <ClCompile Include="..\src\win32-ltdl.c">
      <Filter>Shared Sources</Filter>
    </ClCompile>
    <ClCompile Include="..\src\xmalloc.c">
      <Filter>Shared Sources</Filter>
    </ClCompile>
    <ClCompile Include="..\src\hilbert.c">
      <Filter>Effect Sources</Filter>
    </ClCompile>
    <ClCompile Include="..\src\upsample.c">
      <Filter>Effect Sources</Filter>
    </ClCompile>
    <ClCompile Include="..\src\downsample.c">
      <Filter>Effect Sources</Filter>
    </ClCompile>
  </ItemGroup>
</Project>
