<?xml version="1.0" encoding="utf-8"?>
<Project ToolsVersion="4.0" xmlns="http://schemas.microsoft.com/developer/msbuild/2003">
  <ItemGroup>
    <Filter Include="Source Files">
      <UniqueIdentifier>{4FC737F1-C7A5-4376-A066-2A32D752A2FF}</UniqueIdentifier>
      <Extensions>cpp;c;cc;cxx;def;odl;idl;hpj;bat;asm;asmx</Extensions>
    </Filter>
    <Filter Include="Header Files">
      <UniqueIdentifier>{93995380-89BD-4b04-88EB-625FBE52EBFB}</UniqueIdentifier>
      <Extensions>h;hpp;hxx;hm;inl;inc;xsd</Extensions>
    </Filter>
    <Filter Include="Config files">
      <UniqueIdentifier>{e197f181-fd93-49a2-8ad0-402f4fcad2f6}</UniqueIdentifier>
    </Filter>
  </ItemGroup>
  <ItemGroup>
    <ClCompile Include="..\..\libsndfile\src\aiff.c">
      <Filter>Source Files</Filter>
    </ClCompile>
    <ClCompile Include="..\..\libsndfile\src\alaw.c">
      <Filter>Source Files</Filter>
    </ClCompile>
    <ClCompile Include="..\..\libsndfile\src\au.c">
      <Filter>Source Files</Filter>
    </ClCompile>
    <ClCompile Include="..\..\libsndfile\src\audio_detect.c">
      <Filter>Source Files</Filter>
    </ClCompile>
    <ClCompile Include="..\..\libsndfile\src\avr.c">
      <Filter>Source Files</Filter>
    </ClCompile>
    <ClCompile Include="..\..\libsndfile\src\broadcast.c">
      <Filter>Source Files</Filter>
    </ClCompile>
    <ClCompile Include="..\..\libsndfile\src\caf.c">
      <Filter>Source Files</Filter>
    </ClCompile>
    <ClCompile Include="..\..\libsndfile\src\chunk.c">
      <Filter>Source Files</Filter>
    </ClCompile>
    <ClCompile Include="..\..\libsndfile\src\command.c">
      <Filter>Source Files</Filter>
    </ClCompile>
    <ClCompile Include="..\..\libsndfile\src\common.c">
      <Filter>Source Files</Filter>
    </ClCompile>
    <ClCompile Include="..\..\libsndfile\src\dither.c">
      <Filter>Source Files</Filter>
    </ClCompile>
    <ClCompile Include="..\..\libsndfile\src\double64.c">
      <Filter>Source Files</Filter>
    </ClCompile>
    <ClCompile Include="..\..\libsndfile\src\dwd.c">
      <Filter>Source Files</Filter>
    </ClCompile>
    <ClCompile Include="..\..\libsndfile\src\dwvw.c">
      <Filter>Source Files</Filter>
    </ClCompile>
    <ClCompile Include="..\..\libsndfile\src\file_io.c">
      <Filter>Source Files</Filter>
    </ClCompile>
    <ClCompile Include="..\..\libsndfile\src\flac.c">
      <Filter>Source Files</Filter>
    </ClCompile>
    <ClCompile Include="..\..\libsndfile\src\float32.c">
      <Filter>Source Files</Filter>
    </ClCompile>
    <ClCompile Include="..\..\libsndfile\src\g72x.c">
      <Filter>Source Files</Filter>
    </ClCompile>
    <ClCompile Include="..\..\libsndfile\src\gsm610.c">
      <Filter>Source Files</Filter>
    </ClCompile>
    <ClCompile Include="..\..\libsndfile\src\htk.c">
      <Filter>Source Files</Filter>
    </ClCompile>
    <ClCompile Include="..\..\libsndfile\src\ima_adpcm.c">
      <Filter>Source Files</Filter>
    </ClCompile>
    <ClCompile Include="..\..\libsndfile\src\ima_oki_adpcm.c">
      <Filter>Source Files</Filter>
    </ClCompile>
    <ClCompile Include="..\..\libsndfile\src\interleave.c">
      <Filter>Source Files</Filter>
    </ClCompile>
    <ClCompile Include="..\..\libsndfile\src\ircam.c">
      <Filter>Source Files</Filter>
    </ClCompile>
    <ClCompile Include="..\..\libsndfile\src\macbinary3.c">
      <Filter>Source Files</Filter>
    </ClCompile>
    <ClCompile Include="..\..\libsndfile\src\macos.c">
      <Filter>Source Files</Filter>
    </ClCompile>
    <ClCompile Include="..\..\libsndfile\src\mat4.c">
      <Filter>Source Files</Filter>
    </ClCompile>
    <ClCompile Include="..\..\libsndfile\src\mat5.c">
      <Filter>Source Files</Filter>
    </ClCompile>
    <ClCompile Include="..\..\libsndfile\src\mpc2k.c">
      <Filter>Source Files</Filter>
    </ClCompile>
    <ClCompile Include="..\..\libsndfile\src\ms_adpcm.c">
      <Filter>Source Files</Filter>
    </ClCompile>
    <ClCompile Include="..\..\libsndfile\src\nist.c">
      <Filter>Source Files</Filter>
    </ClCompile>
    <ClCompile Include="..\..\libsndfile\src\ogg.c">
      <Filter>Source Files</Filter>
    </ClCompile>
    <ClCompile Include="..\..\libsndfile\src\paf.c">
      <Filter>Source Files</Filter>
    </ClCompile>
    <ClCompile Include="..\..\libsndfile\src\pcm.c">
      <Filter>Source Files</Filter>
    </ClCompile>
    <ClCompile Include="..\..\libsndfile\src\pvf.c">
      <Filter>Source Files</Filter>
    </ClCompile>
    <ClCompile Include="..\..\libsndfile\src\raw.c">
      <Filter>Source Files</Filter>
    </ClCompile>
    <ClCompile Include="..\..\libsndfile\src\rf64.c">
      <Filter>Source Files</Filter>
    </ClCompile>
    <ClCompile Include="..\..\libsndfile\src\rx2.c">
      <Filter>Source Files</Filter>
    </ClCompile>
    <ClCompile Include="..\..\libsndfile\src\sd2.c">
      <Filter>Source Files</Filter>
    </ClCompile>
    <ClCompile Include="..\..\libsndfile\src\sds.c">
      <Filter>Source Files</Filter>
    </ClCompile>
    <ClCompile Include="..\..\libsndfile\src\sndfile.c">
      <Filter>Source Files</Filter>
    </ClCompile>
    <ClCompile Include="..\..\libsndfile\src\strings.c">
      <Filter>Source Files</Filter>
    </ClCompile>
    <ClCompile Include="..\..\libsndfile\src\svx.c">
      <Filter>Source Files</Filter>
    </ClCompile>
    <ClCompile Include="..\..\libsndfile\src\txw.c">
      <Filter>Source Files</Filter>
    </ClCompile>
    <ClCompile Include="..\..\libsndfile\src\ulaw.c">
      <Filter>Source Files</Filter>
    </ClCompile>
    <ClCompile Include="..\..\libsndfile\src\voc.c">
      <Filter>Source Files</Filter>
    </ClCompile>
    <ClCompile Include="..\..\libsndfile\src\vox_adpcm.c">
      <Filter>Source Files</Filter>
    </ClCompile>
    <ClCompile Include="..\..\libsndfile\src\w64.c">
      <Filter>Source Files</Filter>
    </ClCompile>
    <ClCompile Include="..\..\libsndfile\src\wav.c">
      <Filter>Source Files</Filter>
    </ClCompile>
    <ClCompile Include="..\..\libsndfile\src\wav_w64.c">
      <Filter>Source Files</Filter>
    </ClCompile>
    <ClCompile Include="..\..\libsndfile\src\wve.c">
      <Filter>Source Files</Filter>
    </ClCompile>
    <ClCompile Include="..\..\libsndfile\src\xi.c">
      <Filter>Source Files</Filter>
    </ClCompile>
  </ItemGroup>
  <ItemGroup>
    <ClInclude Include="..\..\libsndfile\src\common.h">
      <Filter>Header Files</Filter>
    </ClInclude>
    <ClInclude Include="..\..\libsndfile\src\GSM610\config.h">
      <Filter>Header Files</Filter>
    </ClInclude>
    <ClInclude Include="..\..\libsndfile\src\G72x\g72x.h">
      <Filter>Header Files</Filter>
    </ClInclude>
    <ClInclude Include="..\..\libsndfile\src\G72x\g72x_priv.h">
      <Filter>Header Files</Filter>
    </ClInclude>
    <ClInclude Include="..\..\libsndfile\src\GSM610\gsm.h">
      <Filter>Header Files</Filter>
    </ClInclude>
    <ClInclude Include="..\..\libsndfile\src\GSM610\gsm610_priv.h">
      <Filter>Header Files</Filter>
    </ClInclude>
    <ClInclude Include="..\..\libsndfile\src\ima_oki_adpcm.h">
      <Filter>Header Files</Filter>
    </ClInclude>
    <ClInclude Include="..\..\libsndfile\src\sf_unistd.h">
      <Filter>Header Files</Filter>
    </ClInclude>
    <ClInclude Include="..\..\libsndfile\src\sfconfig.h">
      <Filter>Header Files</Filter>
    </ClInclude>
    <ClInclude Include="..\..\libsndfile\src\sfendian.h">
      <Filter>Header Files</Filter>
    </ClInclude>
    <ClInclude Include="..\..\libsndfile\src\test_main.h">
      <Filter>Header Files</Filter>
    </ClInclude>
    <ClInclude Include="..\..\libsndfile\src\wav_w64.h">
      <Filter>Header Files</Filter>
    </ClInclude>
    <ClInclude Include="SndFile\config.h">
      <Filter>Config files</Filter>
    </ClInclude>
    <ClInclude Include="SndFile\sndfile.h">
      <Filter>Config files</Filter>
    </ClInclude>
  </ItemGroup>
  <ItemGroup>
    <None Include="..\..\libsndfile\src\libsndfile-1.def">
      <Filter>Config files</Filter>
    </None>
  </ItemGroup>
</Project>